PODS:
  - AFNetworking (2.6.0):
    - AFNetworking/NSURLConnection (= 2.6.0)
    - AFNetworking/NSURLSession (= 2.6.0)
    - AFNetworking/Reachability (= 2.6.0)
    - AFNetworking/Security (= 2.6.0)
    - AFNetworking/Serialization (= 2.6.0)
    - AFNetworking/tvOS-UIKit (= 2.6.0)
    - AFNetworking/UIKit (= 2.6.0)
  - AFNetworking/NSURLConnection (2.6.0):
    - AFNetworking/Reachability
    - AFNetworking/Security
    - AFNetworking/Serialization
  - AFNetworking/Reachability (2.6.0)
  - AFNetworking/Security (2.6.0)
  - AFNetworking/Serialization (2.6.0)
  - AFNetworking/tvOS-UIKit (2.6.0):
    - AFNetworking/NSURLConnection
  - ContentfulDeliveryAPI (1.8.0):
    - AFNetworking (~> 2.6.0)
    - ISO8601DateFormatter
  - ISO8601DateFormatter (0.7)

DEPENDENCIES:
  - AFNetworking (from `https://github.com/neonichu/AFNetworking.git`, branch `tvos`)
  - ContentfulDeliveryAPI (from `https://github.com/contentful/contentful.objc.git`,
    branch `tvos`)
  - ISO8601DateFormatter (from `vendor/ISO8601DateFormatter.podspec.json`)

EXTERNAL SOURCES:
  AFNetworking:
    :branch: tvos
    :git: https://github.com/neonichu/AFNetworking.git
  ContentfulDeliveryAPI:
    :branch: tvos
    :git: https://github.com/contentful/contentful.objc.git
  ISO8601DateFormatter:
    :podspec: vendor/ISO8601DateFormatter.podspec.json

CHECKOUT OPTIONS:
  AFNetworking:
    :commit: 61779cc0d963b945efb3eb399b1dbdeec9502c54
    :git: https://github.com/neonichu/AFNetworking.git
  ContentfulDeliveryAPI:
    :commit: 0feddcf22e9ad340588dc8f7a21bf65a74e942e9
    :git: https://github.com/contentful/contentful.objc.git

SPEC CHECKSUMS:
  AFNetworking: 54e0785c839e7cdceef459562b73312fe77572a1
  ContentfulDeliveryAPI: bf8176178dbd29c7cda09ba8fd1f28455056b0e7
  ISO8601DateFormatter: efdd2560138ab8fdb41c0e77bb41d4b530d40071

COCOAPODS: 0.39.0.beta.4
